
Microsoft Visual Studio Solution File, Format Version 12.00
# Visual Studio Version 16
VisualStudioVersion = 16.0.31112.23
MinimumVisualStudioVersion = 10.0.40219.1
Project("{FAE04EC0-301F-11D3-BF4B-00C04F79EFBC}") = "Valorant++", "Valorant++\Valorant++.csproj", "{DF9F04C0-AD5B-446D-AA7A-B89D7E945A49}"
EndProject
Global
	GlobalSection(SolutionConfigurationPlatforms) = preSolution
		Debug|Any CPU = Debug|Any CPU
		Release|Any CPU = Release|Any CPU
	EndGlobalSection
	GlobalSection(ProjectConfigurationPlatforms) = postSolution
		{DF9F04C0-AD5B-446D-AA7A-B89D7E945A49}.Debug|Any CPU.ActiveCfg = Debug|Any CPU
		{DF9F04C0-AD5B-446D-AA7A-B89D7E945A49}.Debug|Any CPU.Build.0 = Debug|Any CPU
		{DF9F04C0-AD5B-446D-AA7A-B89D7E945A49}.Release|Any CPU.ActiveCfg = Release|Any CPU
		{DF9F04C0-AD5B-446D-AA7A-B89D7E945A49}.Release|Any CPU.Build.0 = Release|Any CPU
	EndGlobalSection
	GlobalSection(SolutionProperties) = preSolution
		HideSolutionNode = FALSE
	EndGlobalSection
	GlobalSection(ExtensibilityGlobals) = postSolution
		SolutionGuid = {A262F9AD-B770-416B-ACD8-2CA210929830}
	EndGlobalSection
EndGlobal
